# THIS IS AN AUTOGENERATED FILE. DO NOT EDIT THIS FILE DIRECTLY.
# yarn lockfile v1


luxon@^3.4.0:
  version "3.4.0"
  resolved "https://registry.yarnpkg.com/luxon/-/luxon-3.4.0.tgz#17cb754efecbf76994f05b2a3f1f91fad7ddfde7"
  integrity sha512-7eDo4Pt7aGhoCheGFIuq4Xa2fJm4ZpmldpGhjTYBNUYNCN6TIEP6v7chwwwt3KRp7YR+rghbfvjyo3V5y9hgBw==
