# THIS IS AN AUTOGENERATED FILE. DO NOT EDIT THIS FILE DIRECTLY.
# yarn lockfile v1


"@aws-crypto/ie11-detection@^3.0.0":
  version "3.0.0"
  resolved "https://registry.yarnpkg.com/@aws-crypto/ie11-detection/-/ie11-detection-3.0.0.tgz#640ae66b4ec3395cee6a8e94ebcd9f80c24cd688"
  integrity sha512-341lBBkiY1DfDNKai/wXM3aujNBkXR7tq1URPQDL9wi3AUbI80NR74uF1TXHMm7po1AcnFk8iu2S2IeU/+/A+Q==
  dependencies:
    tslib "^1.11.1"

"@aws-crypto/sha256-browser@3.0.0":
  version "3.0.0"
  resolved "https://registry.yarnpkg.com/@aws-crypto/sha256-browser/-/sha256-browser-3.0.0.tgz#05f160138ab893f1c6ba5be57cfd108f05827766"
  integrity sha512-8VLmW2B+gjFbU5uMeqtQM6Nj0/F1bro80xQXCW6CQBWgosFWXTx77aeOF5CAIAmbOK64SdMBJdNr6J41yP5mvQ==
  dependencies:
    "@aws-crypto/ie11-detection" "^3.0.0"
    "@aws-crypto/sha256-js" "^3.0.0"
    "@aws-crypto/supports-web-crypto" "^3.0.0"
    "@aws-crypto/util" "^3.0.0"
    "@aws-sdk/types" "^3.222.0"
    "@aws-sdk/util-locate-window" "^3.0.0"
    "@aws-sdk/util-utf8-browser" "^3.0.0"
    tslib "^1.11.1"

"@aws-crypto/sha256-js@3.0.0", "@aws-crypto/sha256-js@^3.0.0":
  version "3.0.0"
  resolved "https://registry.yarnpkg.com/@aws-crypto/sha256-js/-/sha256-js-3.0.0.tgz#f06b84d550d25521e60d2a0e2a90139341e007c2"
  integrity sha512-PnNN7os0+yd1XvXAy23CFOmTbMaDxgxXtTKHybrJ39Y8kGzBATgBFibWJKH6BhytLI/Zyszs87xCOBNyBig6vQ==
  dependencies:
    "@aws-crypto/util" "^3.0.0"
    "@aws-sdk/types" "^3.222.0"
    tslib "^1.11.1"

"@aws-crypto/supports-web-crypto@^3.0.0":
  version "3.0.0"
  resolved "https://registry.yarnpkg.com/@aws-crypto/supports-web-crypto/-/supports-web-crypto-3.0.0.tgz#5d1bf825afa8072af2717c3e455f35cda0103ec2"
  integrity sha512-06hBdMwUAb2WFTuGG73LSC0wfPu93xWwo5vL2et9eymgmu3Id5vFAHBbajVWiGhPO37qcsdCap/FqXvJGJWPIg==
  dependencies:
    tslib "^1.11.1"

"@aws-crypto/util@^3.0.0":
  version "3.0.0"
  resolved "https://registry.yarnpkg.com/@aws-crypto/util/-/util-3.0.0.tgz#1c7ca90c29293f0883468ad48117937f0fe5bfb0"
  integrity sha512-2OJlpeJpCR48CC8r+uKVChzs9Iungj9wkZrl8Z041DWEWvyIHILYKCPNzJghKsivj+S3mLo6BVc7mBNzdxA46w==
  dependencies:
    "@aws-sdk/types" "^3.222.0"
    "@aws-sdk/util-utf8-browser" "^3.0.0"
    tslib "^1.11.1"

"@aws-sdk/client-sso@3.425.0":
  version "3.425.0"
  resolved "https://registry.yarnpkg.com/@aws-sdk/client-sso/-/client-sso-3.425.0.tgz#1d1fd056d3b611e7ad0babe6a3682183b70e11bb"
  integrity sha512-kdBStHoVznez8chM/pMNYyk1jKUcPEb8og6U2FpNcmbOCppOjGX4PKlMn5EVurkhzXferUvHrr/oXK2d03w6+Q==
  dependencies:
    "@aws-crypto/sha256-browser" "3.0.0"
    "@aws-crypto/sha256-js" "3.0.0"
    "@aws-sdk/middleware-host-header" "3.425.0"
    "@aws-sdk/middleware-logger" "3.425.0"
    "@aws-sdk/middleware-recursion-detection" "3.425.0"
    "@aws-sdk/middleware-user-agent" "3.425.0"
    "@aws-sdk/region-config-resolver" "3.425.0"
    "@aws-sdk/types" "3.425.0"
    "@aws-sdk/util-endpoints" "3.425.0"
    "@aws-sdk/util-user-agent-browser" "3.425.0"
    "@aws-sdk/util-user-agent-node" "3.425.0"
    "@smithy/config-resolver" "^2.0.11"
    "@smithy/fetch-http-handler" "^2.2.1"
    "@smithy/hash-node" "^2.0.10"
    "@smithy/invalid-dependency" "^2.0.10"
    "@smithy/middleware-content-length" "^2.0.12"
    "@smithy/middleware-endpoint" "^2.0.10"
    "@smithy/middleware-retry" "^2.0.13"
    "@smithy/middleware-serde" "^2.0.10"
    "@smithy/middleware-stack" "^2.0.4"
    "@smithy/node-config-provider" "^2.0.13"
    "@smithy/node-http-handler" "^2.1.6"
    "@smithy/protocol-http" "^3.0.6"
    "@smithy/smithy-client" "^2.1.9"
    "@smithy/types" "^2.3.4"
    "@smithy/url-parser" "^2.0.10"
    "@smithy/util-base64" "^2.0.0"
    "@smithy/util-body-length-browser" "^2.0.0"
    "@smithy/util-body-length-node" "^2.1.0"
    "@smithy/util-defaults-mode-browser" "^2.0.13"
    "@smithy/util-defaults-mode-node" "^2.0.15"
    "@smithy/util-retry" "^2.0.3"
    "@smithy/util-utf8" "^2.0.0"
    tslib "^2.5.0"

"@aws-sdk/credential-provider-env@3.425.0":
  version "3.425.0"
  resolved "https://registry.yarnpkg.com/@aws-sdk/credential-provider-env/-/credential-provider-env-3.425.0.tgz#1f5be812aeed558efaebce641e4c030b86875544"
  integrity sha512-J20etnLvMKXRVi5FK4F8yOCNm2RTaQn5psQTGdDEPWJNGxohcSpzzls8U2KcMyUJ+vItlrThr4qwgpHG3i/N0w==
  dependencies:
    "@aws-sdk/types" "3.425.0"
    "@smithy/property-provider" "^2.0.0"
    "@smithy/types" "^2.3.4"
    tslib "^2.5.0"

"@aws-sdk/credential-provider-ini@3.425.0":
  version "3.425.0"
  resolved "https://registry.yarnpkg.com/@aws-sdk/credential-provider-ini/-/credential-provider-ini-3.425.0.tgz#f5435becf95c1b45f981c5c1913e59544598127f"
  integrity sha512-Ftux1yPVr1Bq/DOhDP2KrzJRVw13410uW0i9MpUlveQz51Fs2doifPKa99UwI/ilF3nton6Yv/NsfKFnb2hoSA==
  dependencies:
    "@aws-sdk/credential-provider-env" "3.425.0"
    "@aws-sdk/credential-provider-process" "3.425.0"
    "@aws-sdk/credential-provider-sso" "3.425.0"
    "@aws-sdk/credential-provider-web-identity" "3.425.0"
    "@aws-sdk/types" "3.425.0"
    "@smithy/credential-provider-imds" "^2.0.0"
    "@smithy/property-provider" "^2.0.0"
    "@smithy/shared-ini-file-loader" "^2.0.6"
    "@smithy/types" "^2.3.4"
    tslib "^2.5.0"

"@aws-sdk/credential-provider-node@^3.425.0":
  version "3.425.0"
  resolved "https://registry.yarnpkg.com/@aws-sdk/credential-provider-node/-/credential-provider-node-3.425.0.tgz#40f060c039fcf2a9f45c3134b25fa99cf449bbed"
  integrity sha512-kw9Iv121AWc+44Lw+zb0NDQ6Pz84D+bonAhJZgY6uAxv4lkZ7ZguZVF3BALPgFIkiHwwaQLNgCEWC1WMk96wWw==
  dependencies:
    "@aws-sdk/credential-provider-env" "3.425.0"
    "@aws-sdk/credential-provider-ini" "3.425.0"
    "@aws-sdk/credential-provider-process" "3.425.0"
    "@aws-sdk/credential-provider-sso" "3.425.0"
    "@aws-sdk/credential-provider-web-identity" "3.425.0"
    "@aws-sdk/types" "3.425.0"
    "@smithy/credential-provider-imds" "^2.0.0"
    "@smithy/property-provider" "^2.0.0"
    "@smithy/shared-ini-file-loader" "^2.0.6"
    "@smithy/types" "^2.3.4"
    tslib "^2.5.0"

"@aws-sdk/credential-provider-process@3.425.0":
  version "3.425.0"
  resolved "https://registry.yarnpkg.com/@aws-sdk/credential-provider-process/-/credential-provider-process-3.425.0.tgz#d5cd231e1732375fc918912f8083c8c45d9dc2ab"
  integrity sha512-YY6tkLdvtb1Fgofp3b1UWO+5vwS14LJ/smGmuGpSba0V7gFJRdcrJ9bcb9vVgAGuMdjzRJ+bUKlLLtqXkaykEw==
  dependencies:
    "@aws-sdk/types" "3.425.0"
    "@smithy/property-provider" "^2.0.0"
    "@smithy/shared-ini-file-loader" "^2.0.6"
    "@smithy/types" "^2.3.4"
    tslib "^2.5.0"

"@aws-sdk/credential-provider-sso@3.425.0":
  version "3.425.0"
  resolved "https://registry.yarnpkg.com/@aws-sdk/credential-provider-sso/-/credential-provider-sso-3.425.0.tgz#9cdc335cd3d0b5bc3f1cfc8f1f6d512860be7cd9"
  integrity sha512-oqFwo2UDX4vCrnvdSE9xyFm7sqk/wKkDGLwVV+syqqbMu7F4n9qY9j17Xmr7sGgX3ho9PQh0n2DxyQRN568P7g==
  dependencies:
    "@aws-sdk/client-sso" "3.425.0"
    "@aws-sdk/token-providers" "3.425.0"
    "@aws-sdk/types" "3.425.0"
    "@smithy/property-provider" "^2.0.0"
    "@smithy/shared-ini-file-loader" "^2.0.6"
    "@smithy/types" "^2.3.4"
    tslib "^2.5.0"

"@aws-sdk/credential-provider-web-identity@3.425.0":
  version "3.425.0"
  resolved "https://registry.yarnpkg.com/@aws-sdk/credential-provider-web-identity/-/credential-provider-web-identity-3.425.0.tgz#c1587cc39be70db2c828aeab7b68a8245bc86f91"
  integrity sha512-/0R65TgRzL01JU3SzloivWNwdkbIhr06uY/F5pBHf/DynQqaspKNfdHn6AiozgSVDfwRHFjKBTUy6wvf3QFkuA==
  dependencies:
    "@aws-sdk/types" "3.425.0"
    "@smithy/property-provider" "^2.0.0"
    "@smithy/types" "^2.3.4"
    tslib "^2.5.0"

"@aws-sdk/middleware-host-header@3.425.0":
  version "3.425.0"
  resolved "https://registry.yarnpkg.com/@aws-sdk/middleware-host-header/-/middleware-host-header-3.425.0.tgz#7bca371e1a5611ec20c06bd7017efa1900c367d0"
  integrity sha512-E5Gt41LObQ+cr8QnLthwsH3MtVSNXy1AKJMowDr85h0vzqA/FHUkgHyOGntgozzjXT5M0MaSRYxS0xwTR5D4Ew==
  dependencies:
    "@aws-sdk/types" "3.425.0"
    "@smithy/protocol-http" "^3.0.6"
    "@smithy/types" "^2.3.4"
    tslib "^2.5.0"

"@aws-sdk/middleware-logger@3.425.0":
  version "3.425.0"
  resolved "https://registry.yarnpkg.com/@aws-sdk/middleware-logger/-/middleware-logger-3.425.0.tgz#e45f160b84798365e4acf8a283e9664ee9ee131b"
  integrity sha512-INE9XWRXx2f4a/r2vOU0tAmgctVp7nEaEasemNtVBYhqbKLZvr9ndLBSgKGgJ8LIcXAoISipaMuFiqIGkFsm7A==
  dependencies:
    "@aws-sdk/types" "3.425.0"
    "@smithy/types" "^2.3.4"
    tslib "^2.5.0"

"@aws-sdk/middleware-recursion-detection@3.425.0":
  version "3.425.0"
  resolved "https://registry.yarnpkg.com/@aws-sdk/middleware-recursion-detection/-/middleware-recursion-detection-3.425.0.tgz#c348ec16ebb7c357bcb403904c24e8da1914961d"
  integrity sha512-77gnzJ5b91bgD75L/ugpOyerx6lR3oyS4080X1YI58EzdyBMkDrHM4FbMcY2RynETi3lwXCFzLRyZjWXY1mRlw==
  dependencies:
    "@aws-sdk/types" "3.425.0"
    "@smithy/protocol-http" "^3.0.6"
    "@smithy/types" "^2.3.4"
    tslib "^2.5.0"

"@aws-sdk/middleware-user-agent@3.425.0":
  version "3.425.0"
  resolved "https://registry.yarnpkg.com/@aws-sdk/middleware-user-agent/-/middleware-user-agent-3.425.0.tgz#3361051829d6e711273035651d00802de7a4ff3e"
  integrity sha512-FFlXJcCA6/Z3J66UEi3VVsWFaH11buPK5NZ2HgAzbzYwksc8EoM4kIfzl4qEoA5LbrYJGPIQ95eI+/FbbIobwA==
  dependencies:
    "@aws-sdk/types" "3.425.0"
    "@aws-sdk/util-endpoints" "3.425.0"
    "@smithy/protocol-http" "^3.0.6"
    "@smithy/types" "^2.3.4"
    tslib "^2.5.0"

"@aws-sdk/region-config-resolver@3.425.0":
  version "3.425.0"
  resolved "https://registry.yarnpkg.com/@aws-sdk/region-config-resolver/-/region-config-resolver-3.425.0.tgz#b69cc305a4211c9f96f04ac3a10ff9a736ec13cb"
  integrity sha512-u7uv/iUOapIJdRgRkO3wnpYsUgV6ponsZJQgVg/8L+n+Vo5PQL5gAcIuAOwcYSKQPFaeK+KbmByI4SyOK203Vw==
  dependencies:
    "@smithy/node-config-provider" "^2.0.13"
    "@smithy/types" "^2.3.4"
    "@smithy/util-config-provider" "^2.0.0"
    "@smithy/util-middleware" "^2.0.3"
    tslib "^2.5.0"

"@aws-sdk/token-providers@3.425.0":
  version "3.425.0"
  resolved "https://registry.yarnpkg.com/@aws-sdk/token-providers/-/token-providers-3.425.0.tgz#ffc7c0b797a2a0b2e3338045b7804784ca938be7"
  integrity sha512-q9skB/aDlqRESOuavs+wbnD9X2Odro0VaM1OOl2CRnJyv5ePOzNVzeoQn3d21zoh8klZkhoAqgbFnACeI3MN4w==
  dependencies:
    "@aws-crypto/sha256-browser" "3.0.0"
    "@aws-crypto/sha256-js" "3.0.0"
    "@aws-sdk/middleware-host-header" "3.425.0"
    "@aws-sdk/middleware-logger" "3.425.0"
    "@aws-sdk/middleware-recursion-detection" "3.425.0"
    "@aws-sdk/middleware-user-agent" "3.425.0"
    "@aws-sdk/types" "3.425.0"
    "@aws-sdk/util-endpoints" "3.425.0"
    "@aws-sdk/util-user-agent-browser" "3.425.0"
    "@aws-sdk/util-user-agent-node" "3.425.0"
    "@smithy/config-resolver" "^2.0.11"
    "@smithy/fetch-http-handler" "^2.2.1"
    "@smithy/hash-node" "^2.0.10"
    "@smithy/invalid-dependency" "^2.0.10"
    "@smithy/middleware-content-length" "^2.0.12"
    "@smithy/middleware-endpoint" "^2.0.10"
    "@smithy/middleware-retry" "^2.0.13"
    "@smithy/middleware-serde" "^2.0.10"
    "@smithy/middleware-stack" "^2.0.4"
    "@smithy/node-config-provider" "^2.0.13"
    "@smithy/node-http-handler" "^2.1.6"
    "@smithy/property-provider" "^2.0.0"
    "@smithy/protocol-http" "^3.0.6"
    "@smithy/shared-ini-file-loader" "^2.0.6"
    "@smithy/smithy-client" "^2.1.9"
    "@smithy/types" "^2.3.4"
    "@smithy/url-parser" "^2.0.10"
    "@smithy/util-base64" "^2.0.0"
    "@smithy/util-body-length-browser" "^2.0.0"
    "@smithy/util-body-length-node" "^2.1.0"
    "@smithy/util-defaults-mode-browser" "^2.0.13"
    "@smithy/util-defaults-mode-node" "^2.0.15"
    "@smithy/util-retry" "^2.0.3"
    "@smithy/util-utf8" "^2.0.0"
    tslib "^2.5.0"

"@aws-sdk/types@3.425.0", "@aws-sdk/types@^3.222.0":
  version "3.425.0"
  resolved "https://registry.yarnpkg.com/@aws-sdk/types/-/types-3.425.0.tgz#8d4e94743a69c865a83785a9f3bcfd49945836f7"
  integrity sha512-6lqbmorwerN4v+J5dqbHPAsjynI0mkEF+blf+69QTaKKGaxBBVaXgqoqul9RXYcK5MMrrYRbQIMd0zYOoy90kA==
  dependencies:
    "@smithy/types" "^2.3.4"
    tslib "^2.5.0"

"@aws-sdk/util-endpoints@3.425.0":
  version "3.425.0"
  resolved "https://registry.yarnpkg.com/@aws-sdk/util-endpoints/-/util-endpoints-3.425.0.tgz#00b66f45ca79cc7554e9bb6cd2328abdec186bc2"
  integrity sha512-0HkrfWQRo10TWcllDAk9mkkttAXv/AUHpQ+JZjaLmR4IIrn3l/AqTiz/zyXfUawWaoXJzuPIdJ2J3v/gt/IpQA==
  dependencies:
    "@aws-sdk/types" "3.425.0"
    tslib "^2.5.0"

"@aws-sdk/util-locate-window@^3.0.0":
  version "3.310.0"
  resolved "https://registry.yarnpkg.com/@aws-sdk/util-locate-window/-/util-locate-window-3.310.0.tgz#b071baf050301adee89051032bd4139bba32cc40"
  integrity sha512-qo2t/vBTnoXpjKxlsC2e1gBrRm80M3bId27r0BRB2VniSSe7bL1mmzM+/HFtujm0iAxtPM+aLEflLJlJeDPg0w==
  dependencies:
    tslib "^2.5.0"

"@aws-sdk/util-user-agent-browser@3.425.0":
  version "3.425.0"
  resolved "https://registry.yarnpkg.com/@aws-sdk/util-user-agent-browser/-/util-user-agent-browser-3.425.0.tgz#74d200d461ea2d75a8d4916c230ffe3a20fcb009"
  integrity sha512-22Y9iMtjGcFjGILR6/xdp1qRezlHVLyXtnpEsbuPTiernRCPk6zfAnK/ATH77r02MUjU057tdxVkd5umUBTn9Q==
  dependencies:
    "@aws-sdk/types" "3.425.0"
    "@smithy/types" "^2.3.4"
    bowser "^2.11.0"
    tslib "^2.5.0"

"@aws-sdk/util-user-agent-node@3.425.0":
  version "3.425.0"
  resolved "https://registry.yarnpkg.com/@aws-sdk/util-user-agent-node/-/util-user-agent-node-3.425.0.tgz#847c0d6526a34e174419dcecf0e12cd000158a84"
  integrity sha512-SIR4F5uQeeVAi8lv4OgRirtdtNi5zeyogTuQgGi9su8F/WP1N6JqxofcwpUY5f8/oJ2UlXr/tx1f09UHfJJzvA==
  dependencies:
    "@aws-sdk/types" "3.425.0"
    "@smithy/node-config-provider" "^2.0.13"
    "@smithy/types" "^2.3.4"
    tslib "^2.5.0"

"@aws-sdk/util-utf8-browser@^3.0.0":
  version "3.259.0"
  resolved "https://registry.yarnpkg.com/@aws-sdk/util-utf8-browser/-/util-utf8-browser-3.259.0.tgz#3275a6f5eb334f96ca76635b961d3c50259fd9ff"
  integrity sha512-UvFa/vR+e19XookZF8RzFZBrw2EUkQWxiBW0yYQAhvk3C+QVGl0H3ouca8LDBlBfQKXwmW3huo/59H8rwb1wJw==
  dependencies:
    tslib "^2.3.1"

"@opensearch-project/opensearch@^2.4.0":
  version "2.4.0"
  resolved "https://registry.yarnpkg.com/@opensearch-project/opensearch/-/opensearch-2.4.0.tgz#c8aeeb043745350f990d85ef2e4e8775ce00f04d"
  integrity sha512-r0ZNIlDxAua1ZecOBJ8qOXshf2ZQhNKmfly7o0aNuACf0pDa6Et/8mWMZuaFOu7xlNEeRNB7IjDQUYFy2SPElw==
  dependencies:
    aws4 "^1.11.0"
    debug "^4.3.1"
    hpagent "^1.2.0"
    ms "^2.1.3"
    secure-json-parse "^2.4.0"

"@smithy/abort-controller@^2.0.10":
  version "2.0.10"
  resolved "https://registry.yarnpkg.com/@smithy/abort-controller/-/abort-controller-2.0.10.tgz#a6d0d24973ac35b59cc450c34decd68485fbe2c0"
  integrity sha512-xn7PnFD3m4rQIG00h1lPuDVnC2QMtTFhzRLX3y56KkgFaCysS7vpNevNBgmNUtmJ4eVFc+66Zucwo2KDLdicOg==
  dependencies:
    "@smithy/types" "^2.3.4"
    tslib "^2.5.0"

"@smithy/config-resolver@^2.0.11", "@smithy/config-resolver@^2.0.13":
  version "2.0.13"
  resolved "https://registry.yarnpkg.com/@smithy/config-resolver/-/config-resolver-2.0.13.tgz#93695756ec11b2f1adffba601a2d7491dad45b15"
  integrity sha512-rXIVCuCRiSJ+FYH7Mt1sPwSFYt3os6pEVvDtkyQLBFDpkk8myhHCpbpdLprEdtlJ1acOCdco6PKmoK0a6Lzv0A==
  dependencies:
    "@smithy/node-config-provider" "^2.1.0"
    "@smithy/types" "^2.3.4"
    "@smithy/util-config-provider" "^2.0.0"
    "@smithy/util-middleware" "^2.0.3"
    tslib "^2.5.0"

"@smithy/credential-provider-imds@^2.0.0", "@smithy/credential-provider-imds@^2.0.15":
  version "2.0.15"
  resolved "https://registry.yarnpkg.com/@smithy/credential-provider-imds/-/credential-provider-imds-2.0.15.tgz#699fd6a30c144b90de2b5b378a4bf40119575472"
  integrity sha512-XM2thdHawxR0km7iAOBS76Hw4r03wMmMXlaPKvR25iJaTLOjfpD+TnYN+cTYDeByzABGXJxgp5Yg1x/DfjxPpw==
  dependencies:
    "@smithy/node-config-provider" "^2.1.0"
    "@smithy/property-provider" "^2.0.11"
    "@smithy/types" "^2.3.4"
    "@smithy/url-parser" "^2.0.10"
    tslib "^2.5.0"

"@smithy/fetch-http-handler@^2.2.1":
  version "2.2.1"
  resolved "https://registry.yarnpkg.com/@smithy/fetch-http-handler/-/fetch-http-handler-2.2.1.tgz#a8abbd339c2c3d76456f4d16e65cf934727fc7ad"
  integrity sha512-bXyM8PBAIKxVV++2ZSNBEposTDjFQ31XWOdHED+2hWMNvJHUoQqFbECg/uhcVOa6vHie2/UnzIZfXBSTpDBnEw==
  dependencies:
    "@smithy/protocol-http" "^3.0.6"
    "@smithy/querystring-builder" "^2.0.10"
    "@smithy/types" "^2.3.4"
    "@smithy/util-base64" "^2.0.0"
    tslib "^2.5.0"

"@smithy/hash-node@^2.0.10":
  version "2.0.10"
  resolved "https://registry.yarnpkg.com/@smithy/hash-node/-/hash-node-2.0.10.tgz#af13889a008880bdc30278b148e0e0b2a6e2d243"
  integrity sha512-jSTf6uzPk/Vf+8aQ7tVXeHfjxe9wRXSCqIZcBymSDTf7/YrVxniBdpyN74iI8ZUOx/Pyagc81OK5FROLaEjbXQ==
  dependencies:
    "@smithy/types" "^2.3.4"
    "@smithy/util-buffer-from" "^2.0.0"
    "@smithy/util-utf8" "^2.0.0"
    tslib "^2.5.0"

"@smithy/invalid-dependency@^2.0.10":
  version "2.0.10"
  resolved "https://registry.yarnpkg.com/@smithy/invalid-dependency/-/invalid-dependency-2.0.10.tgz#b708e7cfc35214ce664db6aa67465567b97ffd36"
  integrity sha512-zw9p/zsmJ2cFcW4KMz3CJoznlbRvEA6HG2mvEaX5eAca5dq4VGI2MwPDTfmteC/GsnURS4ogoMQ0p6aHM2SDVQ==
  dependencies:
    "@smithy/types" "^2.3.4"
    tslib "^2.5.0"

"@smithy/is-array-buffer@^2.0.0":
  version "2.0.0"
  resolved "https://registry.yarnpkg.com/@smithy/is-array-buffer/-/is-array-buffer-2.0.0.tgz#8fa9b8040651e7ba0b2f6106e636a91354ff7d34"
  integrity sha512-z3PjFjMyZNI98JFRJi/U0nGoLWMSJlDjAW4QUX2WNZLas5C0CmVV6LJ01JI0k90l7FvpmixjWxPFmENSClQ7ug==
  dependencies:
    tslib "^2.5.0"

"@smithy/middleware-content-length@^2.0.12":
  version "2.0.12"
  resolved "https://registry.yarnpkg.com/@smithy/middleware-content-length/-/middleware-content-length-2.0.12.tgz#e6f874f5eef880561f774a4376b73f04b97efc53"
  integrity sha512-QRhJTo5TjG7oF7np6yY4ZO9GDKFVzU/GtcqUqyEa96bLHE3yZHgNmsolOQ97pfxPHmFhH4vDP//PdpAIN3uI1Q==
  dependencies:
    "@smithy/protocol-http" "^3.0.6"
    "@smithy/types" "^2.3.4"
    tslib "^2.5.0"

"@smithy/middleware-endpoint@^2.0.10":
  version "2.0.10"
  resolved "https://registry.yarnpkg.com/@smithy/middleware-endpoint/-/middleware-endpoint-2.0.10.tgz#c11d9f75549116453eea0e812e17ec7917ce5bb1"
  integrity sha512-O6m4puZc16xfenotZUHL4bRlMrwf4gTp+0I5l954M5KNd3dOK18P+FA/IIUgnXF/dX6hlCUcJkBp7nAzwrePKA==
  dependencies:
    "@smithy/middleware-serde" "^2.0.10"
    "@smithy/types" "^2.3.4"
    "@smithy/url-parser" "^2.0.10"
    "@smithy/util-middleware" "^2.0.3"
    tslib "^2.5.0"

"@smithy/middleware-retry@^2.0.13":
  version "2.0.15"
  resolved "https://registry.yarnpkg.com/@smithy/middleware-retry/-/middleware-retry-2.0.15.tgz#ac1b1c52fde926c688964b88bd26adbed418878b"
  integrity sha512-aBrbHb9tNOQCpVwLDv8HMwlzpjELFimCL7VvvSxrXitKBegZYkg1frFSSt9hwhQFa5Cbh41PwYzRHtRapij7oA==
  dependencies:
    "@smithy/node-config-provider" "^2.1.0"
    "@smithy/protocol-http" "^3.0.6"
    "@smithy/service-error-classification" "^2.0.3"
    "@smithy/types" "^2.3.4"
    "@smithy/util-middleware" "^2.0.3"
    "@smithy/util-retry" "^2.0.3"
    tslib "^2.5.0"
    uuid "^8.3.2"

"@smithy/middleware-serde@^2.0.10":
  version "2.0.10"
  resolved "https://registry.yarnpkg.com/@smithy/middleware-serde/-/middleware-serde-2.0.10.tgz#4b0e5f838c7d7621cabf7cfdd6cec4c7f4d52a3f"
  integrity sha512-+A0AFqs768256H/BhVEsBF6HijFbVyAwYRVXY/izJFkTalVWJOp4JA0YdY0dpXQd+AlW0tzs+nMQCE1Ew+DcgQ==
  dependencies:
    "@smithy/types" "^2.3.4"
    tslib "^2.5.0"

"@smithy/middleware-stack@^2.0.4":
  version "2.0.4"
  resolved "https://registry.yarnpkg.com/@smithy/middleware-stack/-/middleware-stack-2.0.4.tgz#cf199dd4d6eb3a3562e6757804faa91165693395"
  integrity sha512-MW0KNKfh8ZGLagMZnxcLJWPNXoKqW6XV/st5NnCBmmA2e2JhrUjU0AJ5Ca/yjTyNEKs3xH7AQDwp1YmmpEpmQQ==
  dependencies:
    "@smithy/types" "^2.3.4"
    tslib "^2.5.0"

"@smithy/node-config-provider@^2.0.13", "@smithy/node-config-provider@^2.1.0":
  version "2.1.0"
  resolved "https://registry.yarnpkg.com/@smithy/node-config-provider/-/node-config-provider-2.1.0.tgz#10c50dcd0bf464d2e21c4a4a5122f72770f95e46"
  integrity sha512-LA+nD1kDI3A4Q0JTR32kJ6GAGKCgPIjsG3WaRqk/m7kpqwAlHEjiL5frcep6250yar9PuUYwCviDX2bOiQKrfQ==
  dependencies:
    "@smithy/property-provider" "^2.0.11"
    "@smithy/shared-ini-file-loader" "^2.1.0"
    "@smithy/types" "^2.3.4"
    tslib "^2.5.0"

"@smithy/node-http-handler@^2.1.6":
  version "2.1.6"
  resolved "https://registry.yarnpkg.com/@smithy/node-http-handler/-/node-http-handler-2.1.6.tgz#c2913363bbf28f315461bd54ef9a5394f1686776"
  integrity sha512-NspvD3aCwiUNtoSTcVHz0RZz1tQ/SaRIe1KPF+r0mAdCZ9eWuhIeJT8ZNPYa1ITn7/Lgg64IyFjqPynZ8KnYQw==
  dependencies:
    "@smithy/abort-controller" "^2.0.10"
    "@smithy/protocol-http" "^3.0.6"
    "@smithy/querystring-builder" "^2.0.10"
    "@smithy/types" "^2.3.4"
    tslib "^2.5.0"

"@smithy/property-provider@^2.0.0", "@smithy/property-provider@^2.0.11":
  version "2.0.11"
  resolved "https://registry.yarnpkg.com/@smithy/property-provider/-/property-provider-2.0.11.tgz#c6e03e4f6f886851339c3dfaf8cd8ae3b2878fa3"
  integrity sha512-kzuOadu6XvrnlF1iXofpKXYmo4oe19st9/DE8f5gHNaFepb4eTkR8gD8BSdTnNnv7lxfv6uOwZPg4VS6hemX1w==
  dependencies:
    "@smithy/types" "^2.3.4"
    tslib "^2.5.0"

"@smithy/protocol-http@^3.0.6":
  version "3.0.6"
  resolved "https://registry.yarnpkg.com/@smithy/protocol-http/-/protocol-http-3.0.6.tgz#c33c128cc0f7096bf4fcdcc6d14d156ba5cd5b7c"
  integrity sha512-F0jAZzwznMmHaggiZgc7YoS08eGpmLvhVktY/Taz6+OAOHfyIqWSDNgFqYR+WHW9z5fp2XvY4mEUrQgYMQ71jw==
  dependencies:
    "@smithy/types" "^2.3.4"
    tslib "^2.5.0"

"@smithy/querystring-builder@^2.0.10":
  version "2.0.10"
  resolved "https://registry.yarnpkg.com/@smithy/querystring-builder/-/querystring-builder-2.0.10.tgz#b06aa958b6ec1c56254d8cc41a19882625fd1c05"
  integrity sha512-uujJGp8jzrrU1UHme8sUKEbawQTcTmUWsh8rbGXYD/lMwNLQ+9jQ9dMDWbbH9Hpoa9RER1BeL/38WzGrbpob2w==
  dependencies:
    "@smithy/types" "^2.3.4"
    "@smithy/util-uri-escape" "^2.0.0"
    tslib "^2.5.0"

"@smithy/querystring-parser@^2.0.10":
  version "2.0.10"
  resolved "https://registry.yarnpkg.com/@smithy/querystring-parser/-/querystring-parser-2.0.10.tgz#074d770a37feafb0d550094dd8463bdff58515f5"
  integrity sha512-WSD4EU60Q8scacT5PIpx4Bahn6nWpt+MiYLcBkFt6fOj7AssrNeaNIU2Z0g40ftVmrwLcEOIKGX92ynbVDb3ZA==
  dependencies:
    "@smithy/types" "^2.3.4"
    tslib "^2.5.0"

"@smithy/service-error-classification@^2.0.3":
  version "2.0.3"
  resolved "https://registry.yarnpkg.com/@smithy/service-error-classification/-/service-error-classification-2.0.3.tgz#4c7de61d06db5f72437557d429bd74c74988b19e"
  integrity sha512-b+m4QCHXb7oKAkM/jHwHrl5gpqhFoMTHF643L0/vAEkegrcUWyh1UjyoHttuHcP5FnHVVy4EtpPtLkEYD+xMFw==
  dependencies:
    "@smithy/types" "^2.3.4"

"@smithy/shared-ini-file-loader@^2.0.6", "@smithy/shared-ini-file-loader@^2.1.0":
  version "2.1.0"
  resolved "https://registry.yarnpkg.com/@smithy/shared-ini-file-loader/-/shared-ini-file-loader-2.1.0.tgz#eb4d486a4cbd19eec21dc86b96cc9f064b6da3c0"
  integrity sha512-e00NWtXWYZYRQACFiXJTz5+crkICCnjnG3OwygWMwpjW2paNgcSOA0JKpUFXgFsvxrkweto6UUAdWdnSkvLc5A==
  dependencies:
    "@smithy/types" "^2.3.4"
    tslib "^2.5.0"

"@smithy/smithy-client@^2.1.9":
  version "2.1.9"
  resolved "https://registry.yarnpkg.com/@smithy/smithy-client/-/smithy-client-2.1.9.tgz#5a0a185947ae4e66d12d2a6135628dd2fc36924c"
  integrity sha512-HTicQSn/lOcXKJT+DKJ4YMu51S6PzbWsO8Z6Pwueo30mSoFKXg5P0BDkg2VCDqCVR0mtddM/F6hKhjW6YAV/yg==
  dependencies:
    "@smithy/middleware-stack" "^2.0.4"
    "@smithy/types" "^2.3.4"
    "@smithy/util-stream" "^2.0.14"
    tslib "^2.5.0"

"@smithy/types@^2.3.4":
  version "2.3.4"
  resolved "https://registry.yarnpkg.com/@smithy/types/-/types-2.3.4.tgz#3b9bc15000af0a0b1f4fda741f78c1580ba15e92"
  integrity sha512-D7xlM9FOMFyFw7YnMXn9dK2KuN6+JhnrZwVt1fWaIu8hCk5CigysweeIT/H/nCo4YV+s8/oqUdLfexbkPZtvqw==
  dependencies:
    tslib "^2.5.0"

"@smithy/url-parser@^2.0.10":
  version "2.0.10"
  resolved "https://registry.yarnpkg.com/@smithy/url-parser/-/url-parser-2.0.10.tgz#3261a463b87901d7686f66a9f26efb9f57d8d555"
  integrity sha512-4TXQFGjHcqru8aH5VRB4dSnOFKCYNX6SR1Do6fwxZ+ExT2onLsh2W77cHpks7ma26W5jv6rI1u7d0+KX9F0aOw==
  dependencies:
    "@smithy/querystring-parser" "^2.0.10"
    "@smithy/types" "^2.3.4"
    tslib "^2.5.0"

"@smithy/util-base64@^2.0.0":
  version "2.0.0"
  resolved "https://registry.yarnpkg.com/@smithy/util-base64/-/util-base64-2.0.0.tgz#1beeabfb155471d1d41c8d0603be1351f883c444"
  integrity sha512-Zb1E4xx+m5Lud8bbeYi5FkcMJMnn+1WUnJF3qD7rAdXpaL7UjkFQLdmW5fHadoKbdHpwH9vSR8EyTJFHJs++tA==
  dependencies:
    "@smithy/util-buffer-from" "^2.0.0"
    tslib "^2.5.0"

"@smithy/util-body-length-browser@^2.0.0":
  version "2.0.0"
  resolved "https://registry.yarnpkg.com/@smithy/util-body-length-browser/-/util-body-length-browser-2.0.0.tgz#5447853003b4c73da3bc5f3c5e82c21d592d1650"
  integrity sha512-JdDuS4ircJt+FDnaQj88TzZY3+njZ6O+D3uakS32f2VNnDo3vyEuNdBOh/oFd8Df1zSZOuH1HEChk2AOYDezZg==
  dependencies:
    tslib "^2.5.0"

"@smithy/util-body-length-node@^2.1.0":
  version "2.1.0"
  resolved "https://registry.yarnpkg.com/@smithy/util-body-length-node/-/util-body-length-node-2.1.0.tgz#313a5f7c5017947baf5fa018bfc22628904bbcfa"
  integrity sha512-/li0/kj/y3fQ3vyzn36NTLGmUwAICb7Jbe/CsWCktW363gh1MOcpEcSO3mJ344Gv2dqz8YJCLQpb6hju/0qOWw==
  dependencies:
    tslib "^2.5.0"

"@smithy/util-buffer-from@^2.0.0":
  version "2.0.0"
  resolved "https://registry.yarnpkg.com/@smithy/util-buffer-from/-/util-buffer-from-2.0.0.tgz#7eb75d72288b6b3001bc5f75b48b711513091deb"
  integrity sha512-/YNnLoHsR+4W4Vf2wL5lGv0ksg8Bmk3GEGxn2vEQt52AQaPSCuaO5PM5VM7lP1K9qHRKHwrPGktqVoAHKWHxzw==
  dependencies:
    "@smithy/is-array-buffer" "^2.0.0"
    tslib "^2.5.0"

"@smithy/util-config-provider@^2.0.0":
  version "2.0.0"
  resolved "https://registry.yarnpkg.com/@smithy/util-config-provider/-/util-config-provider-2.0.0.tgz#4dd6a793605559d94267312fd06d0f58784b4c38"
  integrity sha512-xCQ6UapcIWKxXHEU4Mcs2s7LcFQRiU3XEluM2WcCjjBtQkUN71Tb+ydGmJFPxMUrW/GWMgQEEGipLym4XG0jZg==
  dependencies:
    tslib "^2.5.0"

"@smithy/util-defaults-mode-browser@^2.0.13":
  version "2.0.13"
  resolved "https://registry.yarnpkg.com/@smithy/util-defaults-mode-browser/-/util-defaults-mode-browser-2.0.13.tgz#8136955f1bef6e66cb8a8702693e7685dcd33e26"
  integrity sha512-UmmOdUzaQjqdsl1EjbpEaQxM0VDFqTj6zDuI26/hXN7L/a1k1koTwkYpogHMvunDX3fjrQusg5gv1Td4UsGyog==
  dependencies:
    "@smithy/property-provider" "^2.0.11"
    "@smithy/smithy-client" "^2.1.9"
    "@smithy/types" "^2.3.4"
    bowser "^2.11.0"
    tslib "^2.5.0"

"@smithy/util-defaults-mode-node@^2.0.15":
  version "2.0.17"
  resolved "https://registry.yarnpkg.com/@smithy/util-defaults-mode-node/-/util-defaults-mode-node-2.0.17.tgz#a2a595b37dd897ad7b7256775ed0ea43f674f442"
  integrity sha512-q16YvPkyO18OH0PHzvupyCieZlHXziM6T0JRP6vHZofZf3xiKndZgyjqA0K1y7OhULpuaTEuc+kqluw8DWJQLg==
  dependencies:
    "@smithy/config-resolver" "^2.0.13"
    "@smithy/credential-provider-imds" "^2.0.15"
    "@smithy/node-config-provider" "^2.1.0"
    "@smithy/property-provider" "^2.0.11"
    "@smithy/smithy-client" "^2.1.9"
    "@smithy/types" "^2.3.4"
    tslib "^2.5.0"

"@smithy/util-hex-encoding@^2.0.0":
  version "2.0.0"
  resolved "https://registry.yarnpkg.com/@smithy/util-hex-encoding/-/util-hex-encoding-2.0.0.tgz#0aa3515acd2b005c6d55675e377080a7c513b59e"
  integrity sha512-c5xY+NUnFqG6d7HFh1IFfrm3mGl29lC+vF+geHv4ToiuJCBmIfzx6IeHLg+OgRdPFKDXIw6pvi+p3CsscaMcMA==
  dependencies:
    tslib "^2.5.0"

"@smithy/util-middleware@^2.0.3":
  version "2.0.3"
  resolved "https://registry.yarnpkg.com/@smithy/util-middleware/-/util-middleware-2.0.3.tgz#478cbf957eaffa36aed624350be342bbf15d3c42"
  integrity sha512-+FOCFYOxd2HO7v/0hkFSETKf7FYQWa08wh/x/4KUeoVBnLR4juw8Qi+TTqZI6E2h5LkzD9uOaxC9lAjrpVzaaA==
  dependencies:
    "@smithy/types" "^2.3.4"
    tslib "^2.5.0"

"@smithy/util-retry@^2.0.3":
  version "2.0.3"
  resolved "https://registry.yarnpkg.com/@smithy/util-retry/-/util-retry-2.0.3.tgz#a053855ddb51800bd679da03454cf626bc440918"
  integrity sha512-gw+czMnj82i+EaH7NL7XKkfX/ZKrCS2DIWwJFPKs76bMgkhf0y1C94Lybn7f8GkBI9lfIOUdPYtzm19zQOC8sw==
  dependencies:
    "@smithy/service-error-classification" "^2.0.3"
    "@smithy/types" "^2.3.4"
    tslib "^2.5.0"

"@smithy/util-stream@^2.0.14":
  version "2.0.14"
  resolved "https://registry.yarnpkg.com/@smithy/util-stream/-/util-stream-2.0.14.tgz#3fdd934e2bced80331dcaff18aefbcfe39ebf3cd"
  integrity sha512-XjvlDYe+9DieXhLf7p+EgkXwFtl34kHZcWfHnc5KaILbhyVfDLWuqKTFx6WwCFqb01iFIig8trGwExRIqqkBYg==
  dependencies:
    "@smithy/fetch-http-handler" "^2.2.1"
    "@smithy/node-http-handler" "^2.1.6"
    "@smithy/types" "^2.3.4"
    "@smithy/util-base64" "^2.0.0"
    "@smithy/util-buffer-from" "^2.0.0"
    "@smithy/util-hex-encoding" "^2.0.0"
    "@smithy/util-utf8" "^2.0.0"
    tslib "^2.5.0"

"@smithy/util-uri-escape@^2.0.0":
  version "2.0.0"
  resolved "https://registry.yarnpkg.com/@smithy/util-uri-escape/-/util-uri-escape-2.0.0.tgz#19955b1a0f517a87ae77ac729e0e411963dfda95"
  integrity sha512-ebkxsqinSdEooQduuk9CbKcI+wheijxEb3utGXkCoYQkJnwTnLbH1JXGimJtUkQwNQbsbuYwG2+aFVyZf5TLaw==
  dependencies:
    tslib "^2.5.0"

"@smithy/util-utf8@^2.0.0":
  version "2.0.0"
  resolved "https://registry.yarnpkg.com/@smithy/util-utf8/-/util-utf8-2.0.0.tgz#b4da87566ea7757435e153799df9da717262ad42"
  integrity sha512-rctU1VkziY84n5OXe3bPNpKR001ZCME2JCaBBFgtiM2hfKbHFudc/BkMuPab8hRbLd0j3vbnBTTZ1igBf0wgiQ==
  dependencies:
    "@smithy/util-buffer-from" "^2.0.0"
    tslib "^2.5.0"

aws4@^1.11.0:
  version "1.12.0"
  resolved "https://registry.yarnpkg.com/aws4/-/aws4-1.12.0.tgz#ce1c9d143389679e253b314241ea9aa5cec980d3"
  integrity sha512-NmWvPnx0F1SfrQbYwOi7OeaNGokp9XhzNioJ/CSBs8Qa4vxug81mhJEAVZwxXuBmYB5KDRfMq/F3RR0BIU7sWg==

bowser@^2.11.0:
  version "2.11.0"
  resolved "https://registry.yarnpkg.com/bowser/-/bowser-2.11.0.tgz#5ca3c35757a7aa5771500c70a73a9f91ef420a8f"
  integrity sha512-AlcaJBi/pqqJBIQ8U9Mcpc9i8Aqxn88Skv5d+xBX006BY5u8N3mGLHa5Lgppa7L/HfwgwLgZ6NYs+Ag6uUmJRA==

debug@^4.3.1:
  version "4.3.4"
  resolved "https://registry.yarnpkg.com/debug/-/debug-4.3.4.tgz#1319f6579357f2338d3337d2cdd4914bb5dcc865"
  integrity sha512-PRWFHuSU3eDtQJPvnNY7Jcket1j0t5OuOsFzPPzsekD52Zl8qUfFIPEiswXqIvHWGVHOgX+7G/vCNNhehwxfkQ==
  dependencies:
    ms "2.1.2"

hpagent@^1.2.0:
  version "1.2.0"
  resolved "https://registry.yarnpkg.com/hpagent/-/hpagent-1.2.0.tgz#0ae417895430eb3770c03443456b8d90ca464903"
  integrity sha512-A91dYTeIB6NoXG+PxTQpCCDDnfHsW9kc06Lvpu1TEe9gnd6ZFeiBoRO9JvzEv6xK7EX97/dUE8g/vBMTqTS3CA==

ms@2.1.2:
  version "2.1.2"
  resolved "https://registry.yarnpkg.com/ms/-/ms-2.1.2.tgz#d09d1f357b443f493382a8eb3ccd183872ae6009"
  integrity sha512-sGkPx+VjMtmA6MX27oA4FBFELFCZZ4S4XqeGOXCv68tT+jb3vk/RyaKWP0PTKyWtmLSM0b+adUTEvbs1PEaH2w==

ms@^2.1.3:
  version "2.1.3"
  resolved "https://registry.yarnpkg.com/ms/-/ms-2.1.3.tgz#574c8138ce1d2b5861f0b44579dbadd60c6615b2"
  integrity sha512-6FlzubTLZG3J2a/NVCAleEhjzq5oxgHyaCU9yYXvcLsvoVaHJq/s5xXI6/XXP6tz7R9xAOtHnSO/tXtF3WRTlA==

secure-json-parse@^2.4.0:
  version "2.7.0"
  resolved "https://registry.yarnpkg.com/secure-json-parse/-/secure-json-parse-2.7.0.tgz#5a5f9cd6ae47df23dba3151edd06855d47e09862"
  integrity sha512-6aU+Rwsezw7VR8/nyvKTx8QpWH9FrcYiXXlqC4z5d5XQBDRqtbfsRjnwGyqbi3gddNtWHuEk9OANUotL26qKUw==

tslib@^1.11.1:
  version "1.14.1"
  resolved "https://registry.yarnpkg.com/tslib/-/tslib-1.14.1.tgz#cf2d38bdc34a134bcaf1091c41f6619e2f672d00"
  integrity sha512-Xni35NKzjgMrwevysHTCArtLDpPvye8zV/0E4EyYn43P7/7qvQwPh9BGkHewbMulVntbigmcT7rdX3BNo9wRJg==

tslib@^2.3.1, tslib@^2.5.0:
  version "2.6.2"
  resolved "https://registry.yarnpkg.com/tslib/-/tslib-2.6.2.tgz#703ac29425e7b37cd6fd456e92404d46d1f3e4ae"
  integrity sha512-AEYxH93jGFPn/a2iVAwW87VuUIkR1FVUKB77NwMF7nBTDkDrrT/Hpt/IrCJ0QXhW27jTBDcf5ZY7w6RiqTMw2Q==

uuid@^8.3.2:
  version "8.3.2"
  resolved "https://registry.yarnpkg.com/uuid/-/uuid-8.3.2.tgz#80d5b5ced271bb9af6c445f21a1a04c606cefbe2"
  integrity sha512-+NYs2QeMWy+GWFOEm9xnn6HCDp0l7QBD7ml8zLUmJ+93Q5NF0NocErnwkTkXVFNiX3/fpC6afS8Dhb/gz7R7eg==
